
Microsoft Visual Studio Solution File, Format Version 12.00
# Visual Studio Version 17
VisualStudioVersion = 17.2.32630.192
MinimumVisualStudioVersion = 10.0.40219.1
Project("{9A19103F-16F7-4668-BE54-9A1E7A4F7556}") = "R5T.Z0064.Construction", "R5T.Z0064.Construction\R5T.Z0064.Construction.csproj", "{F9EB1EE5-AAFA-440D-85CD-4087C42E8654}"
EndProject
Project("{9A19103F-16F7-4668-BE54-9A1E7A4F7556}") = "R5T.Z0064", "R5T.Z0064\R5T.Z0064.csproj", "{F3459C38-134E-46B2-9BB7-98C273598D02}"
EndProject
Project("{9A19103F-16F7-4668-BE54-9A1E7A4F7556}") = "R5T.Z0064.Z000", "R5T.Z0064.Z000\R5T.Z0064.Z000.csproj", "{0C743A89-66BF-4C19-8C67-57292713B335}"
EndProject
Project("{2150E333-8FDC-42A3-9474-1A3956D46DE8}") = "_Dependencies", "_Dependencies", "{3CB77721-ABB3-4DB9-A410-359B7447EA58}"
EndProject
Project("{9A19103F-16F7-4668-BE54-9A1E7A4F7556}") = "R5T.F0000", "..\..\R5T.F0000\source\R5T.F0000\R5T.F0000.csproj", "{5873390B-0CE3-44E2-BD86-D8F3FC99E80E}"
EndProject
Project("{9A19103F-16F7-4668-BE54-9A1E7A4F7556}") = "R5T.F0002", "..\..\R5T.F0002\source\R5T.F0002\R5T.F0002.csproj", "{C954D7E7-16E3-43C1-BD95-62910DBBDF28}"
EndProject
Project("{9A19103F-16F7-4668-BE54-9A1E7A4F7556}") = "R5T.F0059", "..\..\R5T.F0059\source\R5T.F0059\R5T.F0059.csproj", "{53ECBEA2-C0A7-48CE-AB92-BD77FE1A61F1}"
EndProject
Project("{9A19103F-16F7-4668-BE54-9A1E7A4F7556}") = "R5T.F0120", "..\..\R5T.F0120\source\R5T.F0120\R5T.F0120.csproj", "{E8F0083A-CA41-4543-80E1-E9E6D33F546A}"
EndProject
Project("{9A19103F-16F7-4668-BE54-9A1E7A4F7556}") = "R5T.F0124", "..\..\R5T.F0124\source\R5T.F0124\R5T.F0124.csproj", "{40E9CF8E-3F55-4D3B-94A4-8688F18409FB}"
EndProject
Project("{9A19103F-16F7-4668-BE54-9A1E7A4F7556}") = "R5T.F0125", "..\..\R5T.F0125\source\R5T.F0125\R5T.F0125.csproj", "{E059C02B-92F9-479D-989D-BA553EEEBE62}"
EndProject
Project("{9A19103F-16F7-4668-BE54-9A1E7A4F7556}") = "R5T.L0030.T000", "..\..\R5T.L0030\source\R5T.L0030.T000\R5T.L0030.T000.csproj", "{601DC3E4-ED92-440D-8E98-A13E930DA46C}"
EndProject
Project("{9A19103F-16F7-4668-BE54-9A1E7A4F7556}") = "R5T.L0030", "..\..\R5T.L0030\source\R5T.L0030\R5T.L0030.csproj", "{62A2D775-0E5F-4EA7-8930-6084751BA9D1}"
EndProject
Project("{9A19103F-16F7-4668-BE54-9A1E7A4F7556}") = "R5T.L0034", "..\..\R5T.L0034\source\R5T.L0034\R5T.L0034.csproj", "{7E125112-CE50-4C28-AA68-7E7F84445418}"
EndProject
Project("{9A19103F-16F7-4668-BE54-9A1E7A4F7556}") = "R5T.L0035", "..\..\R5T.L0035\source\R5T.L0035\R5T.L0035.csproj", "{1FCA4A33-F82D-42F0-8842-820BFF841EC9}"
EndProject
Project("{9A19103F-16F7-4668-BE54-9A1E7A4F7556}") = "R5T.L0053", "..\..\R5T.L0053\source\R5T.L0053\R5T.L0053.csproj", "{07B98A97-265A-4AB1-A752-27CF742E8950}"
EndProject
Project("{9A19103F-16F7-4668-BE54-9A1E7A4F7556}") = "R5T.L0056", "..\..\R5T.L0056\source\R5T.L0056\R5T.L0056.csproj", "{00264F38-A77F-49B1-960F-C06DB08CE10C}"
EndProject
Project("{9A19103F-16F7-4668-BE54-9A1E7A4F7556}") = "R5T.L0066", "..\..\R5T.L0066\source\R5T.L0066\R5T.L0066.csproj", "{11762040-DB76-418B-A1A0-64F15848AFC3}"
EndProject
Project("{9A19103F-16F7-4668-BE54-9A1E7A4F7556}") = "R5T.L0071", "..\..\R5T.L0071\source\R5T.L0071\R5T.L0071.csproj", "{69A0C294-323A-494A-A7DD-E75219B8CD25}"
EndProject
Project("{9A19103F-16F7-4668-BE54-9A1E7A4F7556}") = "R5T.L0074", "..\..\R5T.L0074\source\R5T.L0074\R5T.L0074.csproj", "{69F4ECA3-8A2B-4A18-B09C-70CB44869B47}"
EndProject
Project("{9A19103F-16F7-4668-BE54-9A1E7A4F7556}") = "R5T.NG0006", "..\..\R5T.NG0006\source\R5T.NG0006\R5T.NG0006.csproj", "{5C9B74AF-3E71-4B65-8970-81669B9ACD79}"
EndProject
Project("{9A19103F-16F7-4668-BE54-9A1E7A4F7556}") = "R5T.NG0022", "..\..\R5T.NG0022\source\R5T.NG0022\R5T.NG0022.csproj", "{ACA268DD-B98C-4AB1-A008-71B080F9559D}"
EndProject
Project("{9A19103F-16F7-4668-BE54-9A1E7A4F7556}") = "R5T.T0131", "..\..\R5T.T0131\source\R5T.T0131\R5T.T0131.csproj", "{8FD53A2B-5F91-460A-B747-A8D9B222F37B}"
EndProject
Project("{9A19103F-16F7-4668-BE54-9A1E7A4F7556}") = "R5T.T0132", "..\..\R5T.T0132\source\R5T.T0132\R5T.T0132.csproj", "{7C8D203B-C74C-4F47-861D-4A6A4EEF9F5C}"
EndProject
Project("{9A19103F-16F7-4668-BE54-9A1E7A4F7556}") = "R5T.T0142", "..\..\R5T.T0142\source\R5T.T0142\R5T.T0142.csproj", "{94AA92B0-F950-4C60-BDC7-EE513FA92B11}"
EndProject
Project("{9A19103F-16F7-4668-BE54-9A1E7A4F7556}") = "R5T.T0143", "..\..\R5T.T0143\source\R5T.T0143\R5T.T0143.csproj", "{53C6121C-F5CA-4D1E-A5B4-2053828526D4}"
EndProject
Project("{9A19103F-16F7-4668-BE54-9A1E7A4F7556}") = "R5T.T0150", "..\..\R5T.T0150\source\R5T.T0150\R5T.T0150.csproj", "{1811C125-7120-43C7-BA7A-6D9A0BD185A8}"
EndProject
Project("{9A19103F-16F7-4668-BE54-9A1E7A4F7556}") = "R5T.T0151", "..\..\R5T.T0151\source\R5T.T0151\R5T.T0151.csproj", "{86D72B49-3E27-42FB-8BE1-82762DC2B447}"
EndProject
Project("{9A19103F-16F7-4668-BE54-9A1E7A4F7556}") = "R5T.T0156", "..\..\R5T.T0156\source\R5T.T0156\R5T.T0156.csproj", "{57162CA7-8E55-4217-AB21-AD80265C1537}"
EndProject
Project("{9A19103F-16F7-4668-BE54-9A1E7A4F7556}") = "R5T.T0158", "..\..\R5T.T0158\source\R5T.T0158\R5T.T0158.csproj", "{649CA860-2541-469A-A4F6-5227CAE81B77}"
EndProject
Project("{9A19103F-16F7-4668-BE54-9A1E7A4F7556}") = "R5T.T0159", "..\..\R5T.T0159\source\R5T.T0159\R5T.T0159.csproj", "{A421F5D1-F53F-40E5-8A19-36699A542D14}"
EndProject
Project("{9A19103F-16F7-4668-BE54-9A1E7A4F7556}") = "R5T.T0172", "..\..\R5T.T0172\source\R5T.T0172\R5T.T0172.csproj", "{96060581-5036-421C-8E28-F29F52C9BE9C}"
EndProject
Project("{9A19103F-16F7-4668-BE54-9A1E7A4F7556}") = "R5T.T0174", "..\..\R5T.T0174\source\R5T.T0174\R5T.T0174.csproj", "{B884513D-E7B1-464C-926C-A59DC475B4BD}"
EndProject
Project("{9A19103F-16F7-4668-BE54-9A1E7A4F7556}") = "R5T.T0176", "..\..\R5T.T0176\source\R5T.T0176\R5T.T0176.csproj", "{0CA1BC10-4B34-4667-8FD6-C4F04A8192D8}"
EndProject
Project("{9A19103F-16F7-4668-BE54-9A1E7A4F7556}") = "R5T.T0177", "..\..\R5T.T0177\source\R5T.T0177\R5T.T0177.csproj", "{E36A2C0F-92D5-4BF0-8FAD-C32F8E64CF34}"
EndProject
Project("{9A19103F-16F7-4668-BE54-9A1E7A4F7556}") = "R5T.T0178", "..\..\R5T.T0178\source\R5T.T0178\R5T.T0178.csproj", "{A95AC208-8067-406D-9955-20F57DDDB0F5}"
EndProject
Project("{9A19103F-16F7-4668-BE54-9A1E7A4F7556}") = "R5T.T0179", "..\..\R5T.T0179\source\R5T.T0179\R5T.T0179.csproj", "{60757614-9279-46DC-A7C9-39C087B7F06E}"
EndProject
Project("{9A19103F-16F7-4668-BE54-9A1E7A4F7556}") = "R5T.T0180", "..\..\R5T.T0180\source\R5T.T0180\R5T.T0180.csproj", "{AB4CB43D-DDA7-47D0-8312-C100B5C5D8CC}"
EndProject
Project("{9A19103F-16F7-4668-BE54-9A1E7A4F7556}") = "R5T.T0181", "..\..\R5T.T0181\source\R5T.T0181\R5T.T0181.csproj", "{72AEA319-5D13-4B32-8D76-38EF2BAAC005}"
EndProject
Project("{9A19103F-16F7-4668-BE54-9A1E7A4F7556}") = "R5T.T0185", "..\..\R5T.T0185\source\R5T.T0185\R5T.T0185.csproj", "{8CA5DAA7-F420-4412-B9CD-E8885F181F45}"
EndProject
Project("{9A19103F-16F7-4668-BE54-9A1E7A4F7556}") = "R5T.T0199.T000", "..\..\R5T.T0199\source\R5T.T0199.T000\R5T.T0199.T000.csproj", "{7398CEFF-9549-4BC9-89BC-709AAD89CC54}"
EndProject
Project("{9A19103F-16F7-4668-BE54-9A1E7A4F7556}") = "R5T.T0199.T001", "..\..\R5T.T0199\source\R5T.T0199.T001\R5T.T0199.T001.csproj", "{E51EBCB6-36A9-4D2F-8089-67305DC90AA1}"
EndProject
Project("{9A19103F-16F7-4668-BE54-9A1E7A4F7556}") = "R5T.T0199", "..\..\R5T.T0199\source\R5T.T0199\R5T.T0199.csproj", "{3745ADF9-8FD2-4B67-A950-F784DCA9EAAA}"
EndProject
Project("{9A19103F-16F7-4668-BE54-9A1E7A4F7556}") = "R5T.T0203", "..\..\R5T.T0203\source\R5T.T0203\R5T.T0203.csproj", "{3294D490-C92A-4DE3-B00B-D1A675B4CA8F}"
EndProject
Project("{9A19103F-16F7-4668-BE54-9A1E7A4F7556}") = "R5T.T0213", "..\..\R5T.T0213\source\R5T.T0213\R5T.T0213.csproj", "{8F73ACBB-B62D-4D72-9E00-B321E4EEE001}"
EndProject
Project("{9A19103F-16F7-4668-BE54-9A1E7A4F7556}") = "R5T.T0218", "..\..\R5T.T0218\source\R5T.T0218\R5T.T0218.csproj", "{2BFFA5FB-BD41-4758-A458-28BADBBB598F}"
EndProject
Project("{9A19103F-16F7-4668-BE54-9A1E7A4F7556}") = "R5T.T0219", "..\..\R5T.T0219\source\R5T.T0219\R5T.T0219.csproj", "{7237FA8F-7C6A-439C-97DF-69DF7D57E6A7}"
EndProject
Project("{9A19103F-16F7-4668-BE54-9A1E7A4F7556}") = "R5T.T0220", "..\..\R5T.T0220\source\R5T.T0220\R5T.T0220.csproj", "{FDF6114D-83C5-465D-B1D4-6D13830B4531}"
EndProject
Project("{9A19103F-16F7-4668-BE54-9A1E7A4F7556}") = "R5T.T0221", "..\..\R5T.T0221\source\R5T.T0221\R5T.T0221.csproj", "{59464ABA-0C8E-453F-A10D-6AFF89FA30BD}"
EndProject
Project("{9A19103F-16F7-4668-BE54-9A1E7A4F7556}") = "R5T.T0227", "..\..\R5T.T0227\source\R5T.T0227\R5T.T0227.csproj", "{E7710B06-B44C-477F-B2B3-4CE914E51A9C}"
EndProject
Project("{9A19103F-16F7-4668-BE54-9A1E7A4F7556}") = "R5T.Y0000", "..\..\R5T.Y0000\source\R5T.Y0000\R5T.Y0000.csproj", "{F2B3C7D2-4297-46CF-BBF9-DD9328512CC2}"
EndProject
Project("{9A19103F-16F7-4668-BE54-9A1E7A4F7556}") = "R5T.Y0006", "..\..\R5T.Y0006\source\R5T.Y0006\R5T.Y0006.csproj", "{3AE1830C-2B33-404D-81CB-4E2F1B420D72}"
EndProject
Project("{9A19103F-16F7-4668-BE54-9A1E7A4F7556}") = "R5T.Z0000", "..\..\R5T.Z0000\source\R5T.Z0000\R5T.Z0000.csproj", "{05B3C5A7-2645-4E14-B190-849AD003737F}"
EndProject
Project("{9A19103F-16F7-4668-BE54-9A1E7A4F7556}") = "R5T.Z0010.Platform", "..\..\R5T.Z0010\source\R5T.Z0010.Platform\R5T.Z0010.Platform.csproj", "{419A456A-2AD4-4F33-8A83-9A15034D9E92}"
EndProject
Project("{9A19103F-16F7-4668-BE54-9A1E7A4F7556}") = "R5T.Z0010", "..\..\R5T.Z0010\source\R5T.Z0010\R5T.Z0010.csproj", "{6E462033-A450-45D6-B021-54C85F9995B9}"
EndProject
Project("{9A19103F-16F7-4668-BE54-9A1E7A4F7556}") = "R5T.Z0057.Platform", "..\..\R5T.Z0057\source\R5T.Z0057.Platform\R5T.Z0057.Platform.csproj", "{5991A833-CB65-4BFF-AEE9-B6B0237A4032}"
EndProject
Project("{9A19103F-16F7-4668-BE54-9A1E7A4F7556}") = "R5T.Z0057", "..\..\R5T.Z0057\source\R5T.Z0057\R5T.Z0057.csproj", "{3D776B94-9F2B-42F8-9B4B-B79EAC46396D}"
EndProject
Project("{9A19103F-16F7-4668-BE54-9A1E7A4F7556}") = "R5T.Z0058", "..\..\R5T.Z0058\source\R5T.Z0058\R5T.Z0058.csproj", "{03C56F5A-B34F-44E7-A2AB-D92C1874707C}"
EndProject
Project("{9A19103F-16F7-4668-BE54-9A1E7A4F7556}") = "R5T.Z0064.Z001", "R5T.Z0064.Z001\R5T.Z0064.Z001.csproj", "{A32AADA6-6F51-45C2-984C-206472856AE9}"
EndProject
Project("{9A19103F-16F7-4668-BE54-9A1E7A4F7556}") = "R5T.T0228", "..\..\R5T.T0228\source\R5T.T0228\R5T.T0228.csproj", "{D8609178-1B4B-4E8E-B0E3-871CBB074E9C}"
EndProject
Project("{9A19103F-16F7-4668-BE54-9A1E7A4F7556}") = "R5T.Z0064.Z002", "R5T.Z0064.Z002\R5T.Z0064.Z002.csproj", "{50B846F9-C341-41B4-98C8-A5E9D5C6CFDE}"
EndProject
Global
	GlobalSection(NestedProjects) = preSolution
		{5873390B-0CE3-44E2-BD86-D8F3FC99E80E} = {3CB77721-ABB3-4DB9-A410-359B7447EA58}
		{C954D7E7-16E3-43C1-BD95-62910DBBDF28} = {3CB77721-ABB3-4DB9-A410-359B7447EA58}
		{53ECBEA2-C0A7-48CE-AB92-BD77FE1A61F1} = {3CB77721-ABB3-4DB9-A410-359B7447EA58}
		{E8F0083A-CA41-4543-80E1-E9E6D33F546A} = {3CB77721-ABB3-4DB9-A410-359B7447EA58}
		{40E9CF8E-3F55-4D3B-94A4-8688F18409FB} = {3CB77721-ABB3-4DB9-A410-359B7447EA58}
		{E059C02B-92F9-479D-989D-BA553EEEBE62} = {3CB77721-ABB3-4DB9-A410-359B7447EA58}
		{601DC3E4-ED92-440D-8E98-A13E930DA46C} = {3CB77721-ABB3-4DB9-A410-359B7447EA58}
		{62A2D775-0E5F-4EA7-8930-6084751BA9D1} = {3CB77721-ABB3-4DB9-A410-359B7447EA58}
		{7E125112-CE50-4C28-AA68-7E7F84445418} = {3CB77721-ABB3-4DB9-A410-359B7447EA58}
		{1FCA4A33-F82D-42F0-8842-820BFF841EC9} = {3CB77721-ABB3-4DB9-A410-359B7447EA58}
		{07B98A97-265A-4AB1-A752-27CF742E8950} = {3CB77721-ABB3-4DB9-A410-359B7447EA58}
		{00264F38-A77F-49B1-960F-C06DB08CE10C} = {3CB77721-ABB3-4DB9-A410-359B7447EA58}
		{11762040-DB76-418B-A1A0-64F15848AFC3} = {3CB77721-ABB3-4DB9-A410-359B7447EA58}
		{69A0C294-323A-494A-A7DD-E75219B8CD25} = {3CB77721-ABB3-4DB9-A410-359B7447EA58}
		{69F4ECA3-8A2B-4A18-B09C-70CB44869B47} = {3CB77721-ABB3-4DB9-A410-359B7447EA58}
		{5C9B74AF-3E71-4B65-8970-81669B9ACD79} = {3CB77721-ABB3-4DB9-A410-359B7447EA58}
		{ACA268DD-B98C-4AB1-A008-71B080F9559D} = {3CB77721-ABB3-4DB9-A410-359B7447EA58}
		{8FD53A2B-5F91-460A-B747-A8D9B222F37B} = {3CB77721-ABB3-4DB9-A410-359B7447EA58}
		{7C8D203B-C74C-4F47-861D-4A6A4EEF9F5C} = {3CB77721-ABB3-4DB9-A410-359B7447EA58}
		{94AA92B0-F950-4C60-BDC7-EE513FA92B11} = {3CB77721-ABB3-4DB9-A410-359B7447EA58}
		{53C6121C-F5CA-4D1E-A5B4-2053828526D4} = {3CB77721-ABB3-4DB9-A410-359B7447EA58}
		{1811C125-7120-43C7-BA7A-6D9A0BD185A8} = {3CB77721-ABB3-4DB9-A410-359B7447EA58}
		{86D72B49-3E27-42FB-8BE1-82762DC2B447} = {3CB77721-ABB3-4DB9-A410-359B7447EA58}
		{57162CA7-8E55-4217-AB21-AD80265C1537} = {3CB77721-ABB3-4DB9-A410-359B7447EA58}
		{649CA860-2541-469A-A4F6-5227CAE81B77} = {3CB77721-ABB3-4DB9-A410-359B7447EA58}
		{A421F5D1-F53F-40E5-8A19-36699A542D14} = {3CB77721-ABB3-4DB9-A410-359B7447EA58}
		{96060581-5036-421C-8E28-F29F52C9BE9C} = {3CB77721-ABB3-4DB9-A410-359B7447EA58}
		{B884513D-E7B1-464C-926C-A59DC475B4BD} = {3CB77721-ABB3-4DB9-A410-359B7447EA58}
		{0CA1BC10-4B34-4667-8FD6-C4F04A8192D8} = {3CB77721-ABB3-4DB9-A410-359B7447EA58}
		{E36A2C0F-92D5-4BF0-8FAD-C32F8E64CF34} = {3CB77721-ABB3-4DB9-A410-359B7447EA58}
		{A95AC208-8067-406D-9955-20F57DDDB0F5} = {3CB77721-ABB3-4DB9-A410-359B7447EA58}
		{60757614-9279-46DC-A7C9-39C087B7F06E} = {3CB77721-ABB3-4DB9-A410-359B7447EA58}
		{AB4CB43D-DDA7-47D0-8312-C100B5C5D8CC} = {3CB77721-ABB3-4DB9-A410-359B7447EA58}
		{72AEA319-5D13-4B32-8D76-38EF2BAAC005} = {3CB77721-ABB3-4DB9-A410-359B7447EA58}
		{8CA5DAA7-F420-4412-B9CD-E8885F181F45} = {3CB77721-ABB3-4DB9-A410-359B7447EA58}
		{7398CEFF-9549-4BC9-89BC-709AAD89CC54} = {3CB77721-ABB3-4DB9-A410-359B7447EA58}
		{E51EBCB6-36A9-4D2F-8089-67305DC90AA1} = {3CB77721-ABB3-4DB9-A410-359B7447EA58}
		{3745ADF9-8FD2-4B67-A950-F784DCA9EAAA} = {3CB77721-ABB3-4DB9-A410-359B7447EA58}
		{3294D490-C92A-4DE3-B00B-D1A675B4CA8F} = {3CB77721-ABB3-4DB9-A410-359B7447EA58}
		{8F73ACBB-B62D-4D72-9E00-B321E4EEE001} = {3CB77721-ABB3-4DB9-A410-359B7447EA58}
		{2BFFA5FB-BD41-4758-A458-28BADBBB598F} = {3CB77721-ABB3-4DB9-A410-359B7447EA58}
		{7237FA8F-7C6A-439C-97DF-69DF7D57E6A7} = {3CB77721-ABB3-4DB9-A410-359B7447EA58}
		{FDF6114D-83C5-465D-B1D4-6D13830B4531} = {3CB77721-ABB3-4DB9-A410-359B7447EA58}
		{59464ABA-0C8E-453F-A10D-6AFF89FA30BD} = {3CB77721-ABB3-4DB9-A410-359B7447EA58}
		{E7710B06-B44C-477F-B2B3-4CE914E51A9C} = {3CB77721-ABB3-4DB9-A410-359B7447EA58}
		{F2B3C7D2-4297-46CF-BBF9-DD9328512CC2} = {3CB77721-ABB3-4DB9-A410-359B7447EA58}
		{3AE1830C-2B33-404D-81CB-4E2F1B420D72} = {3CB77721-ABB3-4DB9-A410-359B7447EA58}
		{05B3C5A7-2645-4E14-B190-849AD003737F} = {3CB77721-ABB3-4DB9-A410-359B7447EA58}
		{419A456A-2AD4-4F33-8A83-9A15034D9E92} = {3CB77721-ABB3-4DB9-A410-359B7447EA58}
		{6E462033-A450-45D6-B021-54C85F9995B9} = {3CB77721-ABB3-4DB9-A410-359B7447EA58}
		{5991A833-CB65-4BFF-AEE9-B6B0237A4032} = {3CB77721-ABB3-4DB9-A410-359B7447EA58}
		{3D776B94-9F2B-42F8-9B4B-B79EAC46396D} = {3CB77721-ABB3-4DB9-A410-359B7447EA58}
		{03C56F5A-B34F-44E7-A2AB-D92C1874707C} = {3CB77721-ABB3-4DB9-A410-359B7447EA58}
		{D8609178-1B4B-4E8E-B0E3-871CBB074E9C} = {3CB77721-ABB3-4DB9-A410-359B7447EA58}
	EndGlobalSection
	GlobalSection(SolutionConfigurationPlatforms) = preSolution
		Debug|Any CPU = Debug|Any CPU
		Release|Any CPU = Release|Any CPU
	EndGlobalSection
	GlobalSection(ProjectConfigurationPlatforms) = postSolution
		{F9EB1EE5-AAFA-440D-85CD-4087C42E8654}.Debug|Any CPU.ActiveCfg = Debug|Any CPU
		{F9EB1EE5-AAFA-440D-85CD-4087C42E8654}.Debug|Any CPU.Build.0 = Debug|Any CPU
		{F9EB1EE5-AAFA-440D-85CD-4087C42E8654}.Release|Any CPU.ActiveCfg = Release|Any CPU
		{F9EB1EE5-AAFA-440D-85CD-4087C42E8654}.Release|Any CPU.Build.0 = Release|Any CPU
		{F3459C38-134E-46B2-9BB7-98C273598D02}.Debug|Any CPU.ActiveCfg = Debug|Any CPU
		{F3459C38-134E-46B2-9BB7-98C273598D02}.Debug|Any CPU.Build.0 = Debug|Any CPU
		{F3459C38-134E-46B2-9BB7-98C273598D02}.Release|Any CPU.ActiveCfg = Release|Any CPU
		{F3459C38-134E-46B2-9BB7-98C273598D02}.Release|Any CPU.Build.0 = Release|Any CPU
		{0C743A89-66BF-4C19-8C67-57292713B335}.Debug|Any CPU.ActiveCfg = Debug|Any CPU
		{0C743A89-66BF-4C19-8C67-57292713B335}.Debug|Any CPU.Build.0 = Debug|Any CPU
		{0C743A89-66BF-4C19-8C67-57292713B335}.Release|Any CPU.ActiveCfg = Release|Any CPU
		{0C743A89-66BF-4C19-8C67-57292713B335}.Release|Any CPU.Build.0 = Release|Any CPU
		{5873390B-0CE3-44E2-BD86-D8F3FC99E80E}.Debug|Any CPU.ActiveCfg = Debug|Any CPU
		{5873390B-0CE3-44E2-BD86-D8F3FC99E80E}.Debug|Any CPU.Build.0 = Debug|Any CPU
		{5873390B-0CE3-44E2-BD86-D8F3FC99E80E}.Release|Any CPU.ActiveCfg = Release|Any CPU
		{5873390B-0CE3-44E2-BD86-D8F3FC99E80E}.Release|Any CPU.Build.0 = Release|Any CPU
		{C954D7E7-16E3-43C1-BD95-62910DBBDF28}.Debug|Any CPU.ActiveCfg = Debug|Any CPU
		{C954D7E7-16E3-43C1-BD95-62910DBBDF28}.Debug|Any CPU.Build.0 = Debug|Any CPU
		{C954D7E7-16E3-43C1-BD95-62910DBBDF28}.Release|Any CPU.ActiveCfg = Release|Any CPU
		{C954D7E7-16E3-43C1-BD95-62910DBBDF28}.Release|Any CPU.Build.0 = Release|Any CPU
		{53ECBEA2-C0A7-48CE-AB92-BD77FE1A61F1}.Debug|Any CPU.ActiveCfg = Debug|Any CPU
		{53ECBEA2-C0A7-48CE-AB92-BD77FE1A61F1}.Debug|Any CPU.Build.0 = Debug|Any CPU
		{53ECBEA2-C0A7-48CE-AB92-BD77FE1A61F1}.Release|Any CPU.ActiveCfg = Release|Any CPU
		{53ECBEA2-C0A7-48CE-AB92-BD77FE1A61F1}.Release|Any CPU.Build.0 = Release|Any CPU
		{E8F0083A-CA41-4543-80E1-E9E6D33F546A}.Debug|Any CPU.ActiveCfg = Debug|Any CPU
		{E8F0083A-CA41-4543-80E1-E9E6D33F546A}.Debug|Any CPU.Build.0 = Debug|Any CPU
		{E8F0083A-CA41-4543-80E1-E9E6D33F546A}.Release|Any CPU.ActiveCfg = Release|Any CPU
		{E8F0083A-CA41-4543-80E1-E9E6D33F546A}.Release|Any CPU.Build.0 = Release|Any CPU
		{40E9CF8E-3F55-4D3B-94A4-8688F18409FB}.Debug|Any CPU.ActiveCfg = Debug|Any CPU
		{40E9CF8E-3F55-4D3B-94A4-8688F18409FB}.Debug|Any CPU.Build.0 = Debug|Any CPU
		{40E9CF8E-3F55-4D3B-94A4-8688F18409FB}.Release|Any CPU.ActiveCfg = Release|Any CPU
		{40E9CF8E-3F55-4D3B-94A4-8688F18409FB}.Release|Any CPU.Build.0 = Release|Any CPU
		{E059C02B-92F9-479D-989D-BA553EEEBE62}.Debug|Any CPU.ActiveCfg = Debug|Any CPU
		{E059C02B-92F9-479D-989D-BA553EEEBE62}.Debug|Any CPU.Build.0 = Debug|Any CPU
		{E059C02B-92F9-479D-989D-BA553EEEBE62}.Release|Any CPU.ActiveCfg = Release|Any CPU
		{E059C02B-92F9-479D-989D-BA553EEEBE62}.Release|Any CPU.Build.0 = Release|Any CPU
		{601DC3E4-ED92-440D-8E98-A13E930DA46C}.Debug|Any CPU.ActiveCfg = Debug|Any CPU
		{601DC3E4-ED92-440D-8E98-A13E930DA46C}.Debug|Any CPU.Build.0 = Debug|Any CPU
		{601DC3E4-ED92-440D-8E98-A13E930DA46C}.Release|Any CPU.ActiveCfg = Release|Any CPU
		{601DC3E4-ED92-440D-8E98-A13E930DA46C}.Release|Any CPU.Build.0 = Release|Any CPU
		{62A2D775-0E5F-4EA7-8930-6084751BA9D1}.Debug|Any CPU.ActiveCfg = Debug|Any CPU
		{62A2D775-0E5F-4EA7-8930-6084751BA9D1}.Debug|Any CPU.Build.0 = Debug|Any CPU
		{62A2D775-0E5F-4EA7-8930-6084751BA9D1}.Release|Any CPU.ActiveCfg = Release|Any CPU
		{62A2D775-0E5F-4EA7-8930-6084751BA9D1}.Release|Any CPU.Build.0 = Release|Any CPU
		{7E125112-CE50-4C28-AA68-7E7F84445418}.Debug|Any CPU.ActiveCfg = Debug|Any CPU
		{7E125112-CE50-4C28-AA68-7E7F84445418}.Debug|Any CPU.Build.0 = Debug|Any CPU
		{7E125112-CE50-4C28-AA68-7E7F84445418}.Release|Any CPU.ActiveCfg = Release|Any CPU
		{7E125112-CE50-4C28-AA68-7E7F84445418}.Release|Any CPU.Build.0 = Release|Any CPU
		{1FCA4A33-F82D-42F0-8842-820BFF841EC9}.Debug|Any CPU.ActiveCfg = Debug|Any CPU
		{1FCA4A33-F82D-42F0-8842-820BFF841EC9}.Debug|Any CPU.Build.0 = Debug|Any CPU
		{1FCA4A33-F82D-42F0-8842-820BFF841EC9}.Release|Any CPU.ActiveCfg = Release|Any CPU
		{1FCA4A33-F82D-42F0-8842-820BFF841EC9}.Release|Any CPU.Build.0 = Release|Any CPU
		{07B98A97-265A-4AB1-A752-27CF742E8950}.Debug|Any CPU.ActiveCfg = Debug|Any CPU
		{07B98A97-265A-4AB1-A752-27CF742E8950}.Debug|Any CPU.Build.0 = Debug|Any CPU
		{07B98A97-265A-4AB1-A752-27CF742E8950}.Release|Any CPU.ActiveCfg = Release|Any CPU
		{07B98A97-265A-4AB1-A752-27CF742E8950}.Release|Any CPU.Build.0 = Release|Any CPU
		{00264F38-A77F-49B1-960F-C06DB08CE10C}.Debug|Any CPU.ActiveCfg = Debug|Any CPU
		{00264F38-A77F-49B1-960F-C06DB08CE10C}.Debug|Any CPU.Build.0 = Debug|Any CPU
		{00264F38-A77F-49B1-960F-C06DB08CE10C}.Release|Any CPU.ActiveCfg = Release|Any CPU
		{00264F38-A77F-49B1-960F-C06DB08CE10C}.Release|Any CPU.Build.0 = Release|Any CPU
		{11762040-DB76-418B-A1A0-64F15848AFC3}.Debug|Any CPU.ActiveCfg = Debug|Any CPU
		{11762040-DB76-418B-A1A0-64F15848AFC3}.Debug|Any CPU.Build.0 = Debug|Any CPU
		{11762040-DB76-418B-A1A0-64F15848AFC3}.Release|Any CPU.ActiveCfg = Release|Any CPU
		{11762040-DB76-418B-A1A0-64F15848AFC3}.Release|Any CPU.Build.0 = Release|Any CPU
		{69A0C294-323A-494A-A7DD-E75219B8CD25}.Debug|Any CPU.ActiveCfg = Debug|Any CPU
		{69A0C294-323A-494A-A7DD-E75219B8CD25}.Debug|Any CPU.Build.0 = Debug|Any CPU
		{69A0C294-323A-494A-A7DD-E75219B8CD25}.Release|Any CPU.ActiveCfg = Release|Any CPU
		{69A0C294-323A-494A-A7DD-E75219B8CD25}.Release|Any CPU.Build.0 = Release|Any CPU
		{69F4ECA3-8A2B-4A18-B09C-70CB44869B47}.Debug|Any CPU.ActiveCfg = Debug|Any CPU
		{69F4ECA3-8A2B-4A18-B09C-70CB44869B47}.Debug|Any CPU.Build.0 = Debug|Any CPU
		{69F4ECA3-8A2B-4A18-B09C-70CB44869B47}.Release|Any CPU.ActiveCfg = Release|Any CPU
		{69F4ECA3-8A2B-4A18-B09C-70CB44869B47}.Release|Any CPU.Build.0 = Release|Any CPU
		{5C9B74AF-3E71-4B65-8970-81669B9ACD79}.Debug|Any CPU.ActiveCfg = Debug|Any CPU
		{5C9B74AF-3E71-4B65-8970-81669B9ACD79}.Debug|Any CPU.Build.0 = Debug|Any CPU
		{5C9B74AF-3E71-4B65-8970-81669B9ACD79}.Release|Any CPU.ActiveCfg = Release|Any CPU
		{5C9B74AF-3E71-4B65-8970-81669B9ACD79}.Release|Any CPU.Build.0 = Release|Any CPU
		{ACA268DD-B98C-4AB1-A008-71B080F9559D}.Debug|Any CPU.ActiveCfg = Debug|Any CPU
		{ACA268DD-B98C-4AB1-A008-71B080F9559D}.Debug|Any CPU.Build.0 = Debug|Any CPU
		{ACA268DD-B98C-4AB1-A008-71B080F9559D}.Release|Any CPU.ActiveCfg = Release|Any CPU
		{ACA268DD-B98C-4AB1-A008-71B080F9559D}.Release|Any CPU.Build.0 = Release|Any CPU
		{8FD53A2B-5F91-460A-B747-A8D9B222F37B}.Debug|Any CPU.ActiveCfg = Debug|Any CPU
		{8FD53A2B-5F91-460A-B747-A8D9B222F37B}.Debug|Any CPU.Build.0 = Debug|Any CPU
		{8FD53A2B-5F91-460A-B747-A8D9B222F37B}.Release|Any CPU.ActiveCfg = Release|Any CPU
		{8FD53A2B-5F91-460A-B747-A8D9B222F37B}.Release|Any CPU.Build.0 = Release|Any CPU
		{7C8D203B-C74C-4F47-861D-4A6A4EEF9F5C}.Debug|Any CPU.ActiveCfg = Debug|Any CPU
		{7C8D203B-C74C-4F47-861D-4A6A4EEF9F5C}.Debug|Any CPU.Build.0 = Debug|Any CPU
		{7C8D203B-C74C-4F47-861D-4A6A4EEF9F5C}.Release|Any CPU.ActiveCfg = Release|Any CPU
		{7C8D203B-C74C-4F47-861D-4A6A4EEF9F5C}.Release|Any CPU.Build.0 = Release|Any CPU
		{94AA92B0-F950-4C60-BDC7-EE513FA92B11}.Debug|Any CPU.ActiveCfg = Debug|Any CPU
		{94AA92B0-F950-4C60-BDC7-EE513FA92B11}.Debug|Any CPU.Build.0 = Debug|Any CPU
		{94AA92B0-F950-4C60-BDC7-EE513FA92B11}.Release|Any CPU.ActiveCfg = Release|Any CPU
		{94AA92B0-F950-4C60-BDC7-EE513FA92B11}.Release|Any CPU.Build.0 = Release|Any CPU
		{53C6121C-F5CA-4D1E-A5B4-2053828526D4}.Debug|Any CPU.ActiveCfg = Debug|Any CPU
		{53C6121C-F5CA-4D1E-A5B4-2053828526D4}.Debug|Any CPU.Build.0 = Debug|Any CPU
		{53C6121C-F5CA-4D1E-A5B4-2053828526D4}.Release|Any CPU.ActiveCfg = Release|Any CPU
		{53C6121C-F5CA-4D1E-A5B4-2053828526D4}.Release|Any CPU.Build.0 = Release|Any CPU
		{1811C125-7120-43C7-BA7A-6D9A0BD185A8}.Debug|Any CPU.ActiveCfg = Debug|Any CPU
		{1811C125-7120-43C7-BA7A-6D9A0BD185A8}.Debug|Any CPU.Build.0 = Debug|Any CPU
		{1811C125-7120-43C7-BA7A-6D9A0BD185A8}.Release|Any CPU.ActiveCfg = Release|Any CPU
		{1811C125-7120-43C7-BA7A-6D9A0BD185A8}.Release|Any CPU.Build.0 = Release|Any CPU
		{86D72B49-3E27-42FB-8BE1-82762DC2B447}.Debug|Any CPU.ActiveCfg = Debug|Any CPU
		{86D72B49-3E27-42FB-8BE1-82762DC2B447}.Debug|Any CPU.Build.0 = Debug|Any CPU
		{86D72B49-3E27-42FB-8BE1-82762DC2B447}.Release|Any CPU.ActiveCfg = Release|Any CPU
		{86D72B49-3E27-42FB-8BE1-82762DC2B447}.Release|Any CPU.Build.0 = Release|Any CPU
		{57162CA7-8E55-4217-AB21-AD80265C1537}.Debug|Any CPU.ActiveCfg = Debug|Any CPU
		{57162CA7-8E55-4217-AB21-AD80265C1537}.Debug|Any CPU.Build.0 = Debug|Any CPU
		{57162CA7-8E55-4217-AB21-AD80265C1537}.Release|Any CPU.ActiveCfg = Release|Any CPU
		{57162CA7-8E55-4217-AB21-AD80265C1537}.Release|Any CPU.Build.0 = Release|Any CPU
		{649CA860-2541-469A-A4F6-5227CAE81B77}.Debug|Any CPU.ActiveCfg = Debug|Any CPU
		{649CA860-2541-469A-A4F6-5227CAE81B77}.Debug|Any CPU.Build.0 = Debug|Any CPU
		{649CA860-2541-469A-A4F6-5227CAE81B77}.Release|Any CPU.ActiveCfg = Release|Any CPU
		{649CA860-2541-469A-A4F6-5227CAE81B77}.Release|Any CPU.Build.0 = Release|Any CPU
		{A421F5D1-F53F-40E5-8A19-36699A542D14}.Debug|Any CPU.ActiveCfg = Debug|Any CPU
		{A421F5D1-F53F-40E5-8A19-36699A542D14}.Debug|Any CPU.Build.0 = Debug|Any CPU
		{A421F5D1-F53F-40E5-8A19-36699A542D14}.Release|Any CPU.ActiveCfg = Release|Any CPU
		{A421F5D1-F53F-40E5-8A19-36699A542D14}.Release|Any CPU.Build.0 = Release|Any CPU
		{96060581-5036-421C-8E28-F29F52C9BE9C}.Debug|Any CPU.ActiveCfg = Debug|Any CPU
		{96060581-5036-421C-8E28-F29F52C9BE9C}.Debug|Any CPU.Build.0 = Debug|Any CPU
		{96060581-5036-421C-8E28-F29F52C9BE9C}.Release|Any CPU.ActiveCfg = Release|Any CPU
		{96060581-5036-421C-8E28-F29F52C9BE9C}.Release|Any CPU.Build.0 = Release|Any CPU
		{B884513D-E7B1-464C-926C-A59DC475B4BD}.Debug|Any CPU.ActiveCfg = Debug|Any CPU
		{B884513D-E7B1-464C-926C-A59DC475B4BD}.Debug|Any CPU.Build.0 = Debug|Any CPU
		{B884513D-E7B1-464C-926C-A59DC475B4BD}.Release|Any CPU.ActiveCfg = Release|Any CPU
		{B884513D-E7B1-464C-926C-A59DC475B4BD}.Release|Any CPU.Build.0 = Release|Any CPU
		{0CA1BC10-4B34-4667-8FD6-C4F04A8192D8}.Debug|Any CPU.ActiveCfg = Debug|Any CPU
		{0CA1BC10-4B34-4667-8FD6-C4F04A8192D8}.Debug|Any CPU.Build.0 = Debug|Any CPU
		{0CA1BC10-4B34-4667-8FD6-C4F04A8192D8}.Release|Any CPU.ActiveCfg = Release|Any CPU
		{0CA1BC10-4B34-4667-8FD6-C4F04A8192D8}.Release|Any CPU.Build.0 = Release|Any CPU
		{E36A2C0F-92D5-4BF0-8FAD-C32F8E64CF34}.Debug|Any CPU.ActiveCfg = Debug|Any CPU
		{E36A2C0F-92D5-4BF0-8FAD-C32F8E64CF34}.Debug|Any CPU.Build.0 = Debug|Any CPU
		{E36A2C0F-92D5-4BF0-8FAD-C32F8E64CF34}.Release|Any CPU.ActiveCfg = Release|Any CPU
		{E36A2C0F-92D5-4BF0-8FAD-C32F8E64CF34}.Release|Any CPU.Build.0 = Release|Any CPU
		{A95AC208-8067-406D-9955-20F57DDDB0F5}.Debug|Any CPU.ActiveCfg = Debug|Any CPU
		{A95AC208-8067-406D-9955-20F57DDDB0F5}.Debug|Any CPU.Build.0 = Debug|Any CPU
		{A95AC208-8067-406D-9955-20F57DDDB0F5}.Release|Any CPU.ActiveCfg = Release|Any CPU
		{A95AC208-8067-406D-9955-20F57DDDB0F5}.Release|Any CPU.Build.0 = Release|Any CPU
		{60757614-9279-46DC-A7C9-39C087B7F06E}.Debug|Any CPU.ActiveCfg = Debug|Any CPU
		{60757614-9279-46DC-A7C9-39C087B7F06E}.Debug|Any CPU.Build.0 = Debug|Any CPU
		{60757614-9279-46DC-A7C9-39C087B7F06E}.Release|Any CPU.ActiveCfg = Release|Any CPU
		{60757614-9279-46DC-A7C9-39C087B7F06E}.Release|Any CPU.Build.0 = Release|Any CPU
		{AB4CB43D-DDA7-47D0-8312-C100B5C5D8CC}.Debug|Any CPU.ActiveCfg = Debug|Any CPU
		{AB4CB43D-DDA7-47D0-8312-C100B5C5D8CC}.Debug|Any CPU.Build.0 = Debug|Any CPU
		{AB4CB43D-DDA7-47D0-8312-C100B5C5D8CC}.Release|Any CPU.ActiveCfg = Release|Any CPU
		{AB4CB43D-DDA7-47D0-8312-C100B5C5D8CC}.Release|Any CPU.Build.0 = Release|Any CPU
		{72AEA319-5D13-4B32-8D76-38EF2BAAC005}.Debug|Any CPU.ActiveCfg = Debug|Any CPU
		{72AEA319-5D13-4B32-8D76-38EF2BAAC005}.Debug|Any CPU.Build.0 = Debug|Any CPU
		{72AEA319-5D13-4B32-8D76-38EF2BAAC005}.Release|Any CPU.ActiveCfg = Release|Any CPU
		{72AEA319-5D13-4B32-8D76-38EF2BAAC005}.Release|Any CPU.Build.0 = Release|Any CPU
		{8CA5DAA7-F420-4412-B9CD-E8885F181F45}.Debug|Any CPU.ActiveCfg = Debug|Any CPU
		{8CA5DAA7-F420-4412-B9CD-E8885F181F45}.Debug|Any CPU.Build.0 = Debug|Any CPU
		{8CA5DAA7-F420-4412-B9CD-E8885F181F45}.Release|Any CPU.ActiveCfg = Release|Any CPU
		{8CA5DAA7-F420-4412-B9CD-E8885F181F45}.Release|Any CPU.Build.0 = Release|Any CPU
		{7398CEFF-9549-4BC9-89BC-709AAD89CC54}.Debug|Any CPU.ActiveCfg = Debug|Any CPU
		{7398CEFF-9549-4BC9-89BC-709AAD89CC54}.Debug|Any CPU.Build.0 = Debug|Any CPU
		{7398CEFF-9549-4BC9-89BC-709AAD89CC54}.Release|Any CPU.ActiveCfg = Release|Any CPU
		{7398CEFF-9549-4BC9-89BC-709AAD89CC54}.Release|Any CPU.Build.0 = Release|Any CPU
		{E51EBCB6-36A9-4D2F-8089-67305DC90AA1}.Debug|Any CPU.ActiveCfg = Debug|Any CPU
		{E51EBCB6-36A9-4D2F-8089-67305DC90AA1}.Debug|Any CPU.Build.0 = Debug|Any CPU
		{E51EBCB6-36A9-4D2F-8089-67305DC90AA1}.Release|Any CPU.ActiveCfg = Release|Any CPU
		{E51EBCB6-36A9-4D2F-8089-67305DC90AA1}.Release|Any CPU.Build.0 = Release|Any CPU
		{3745ADF9-8FD2-4B67-A950-F784DCA9EAAA}.Debug|Any CPU.ActiveCfg = Debug|Any CPU
		{3745ADF9-8FD2-4B67-A950-F784DCA9EAAA}.Debug|Any CPU.Build.0 = Debug|Any CPU
		{3745ADF9-8FD2-4B67-A950-F784DCA9EAAA}.Release|Any CPU.ActiveCfg = Release|Any CPU
		{3745ADF9-8FD2-4B67-A950-F784DCA9EAAA}.Release|Any CPU.Build.0 = Release|Any CPU
		{3294D490-C92A-4DE3-B00B-D1A675B4CA8F}.Debug|Any CPU.ActiveCfg = Debug|Any CPU
		{3294D490-C92A-4DE3-B00B-D1A675B4CA8F}.Debug|Any CPU.Build.0 = Debug|Any CPU
		{3294D490-C92A-4DE3-B00B-D1A675B4CA8F}.Release|Any CPU.ActiveCfg = Release|Any CPU
		{3294D490-C92A-4DE3-B00B-D1A675B4CA8F}.Release|Any CPU.Build.0 = Release|Any CPU
		{8F73ACBB-B62D-4D72-9E00-B321E4EEE001}.Debug|Any CPU.ActiveCfg = Debug|Any CPU
		{8F73ACBB-B62D-4D72-9E00-B321E4EEE001}.Debug|Any CPU.Build.0 = Debug|Any CPU
		{8F73ACBB-B62D-4D72-9E00-B321E4EEE001}.Release|Any CPU.ActiveCfg = Release|Any CPU
		{8F73ACBB-B62D-4D72-9E00-B321E4EEE001}.Release|Any CPU.Build.0 = Release|Any CPU
		{2BFFA5FB-BD41-4758-A458-28BADBBB598F}.Debug|Any CPU.ActiveCfg = Debug|Any CPU
		{2BFFA5FB-BD41-4758-A458-28BADBBB598F}.Debug|Any CPU.Build.0 = Debug|Any CPU
		{2BFFA5FB-BD41-4758-A458-28BADBBB598F}.Release|Any CPU.ActiveCfg = Release|Any CPU
		{2BFFA5FB-BD41-4758-A458-28BADBBB598F}.Release|Any CPU.Build.0 = Release|Any CPU
		{7237FA8F-7C6A-439C-97DF-69DF7D57E6A7}.Debug|Any CPU.ActiveCfg = Debug|Any CPU
		{7237FA8F-7C6A-439C-97DF-69DF7D57E6A7}.Debug|Any CPU.Build.0 = Debug|Any CPU
		{7237FA8F-7C6A-439C-97DF-69DF7D57E6A7}.Release|Any CPU.ActiveCfg = Release|Any CPU
		{7237FA8F-7C6A-439C-97DF-69DF7D57E6A7}.Release|Any CPU.Build.0 = Release|Any CPU
		{FDF6114D-83C5-465D-B1D4-6D13830B4531}.Debug|Any CPU.ActiveCfg = Debug|Any CPU
		{FDF6114D-83C5-465D-B1D4-6D13830B4531}.Debug|Any CPU.Build.0 = Debug|Any CPU
		{FDF6114D-83C5-465D-B1D4-6D13830B4531}.Release|Any CPU.ActiveCfg = Release|Any CPU
		{FDF6114D-83C5-465D-B1D4-6D13830B4531}.Release|Any CPU.Build.0 = Release|Any CPU
		{59464ABA-0C8E-453F-A10D-6AFF89FA30BD}.Debug|Any CPU.ActiveCfg = Debug|Any CPU
		{59464ABA-0C8E-453F-A10D-6AFF89FA30BD}.Debug|Any CPU.Build.0 = Debug|Any CPU
		{59464ABA-0C8E-453F-A10D-6AFF89FA30BD}.Release|Any CPU.ActiveCfg = Release|Any CPU
		{59464ABA-0C8E-453F-A10D-6AFF89FA30BD}.Release|Any CPU.Build.0 = Release|Any CPU
		{E7710B06-B44C-477F-B2B3-4CE914E51A9C}.Debug|Any CPU.ActiveCfg = Debug|Any CPU
		{E7710B06-B44C-477F-B2B3-4CE914E51A9C}.Debug|Any CPU.Build.0 = Debug|Any CPU
		{E7710B06-B44C-477F-B2B3-4CE914E51A9C}.Release|Any CPU.ActiveCfg = Release|Any CPU
		{E7710B06-B44C-477F-B2B3-4CE914E51A9C}.Release|Any CPU.Build.0 = Release|Any CPU
		{F2B3C7D2-4297-46CF-BBF9-DD9328512CC2}.Debug|Any CPU.ActiveCfg = Debug|Any CPU
		{F2B3C7D2-4297-46CF-BBF9-DD9328512CC2}.Debug|Any CPU.Build.0 = Debug|Any CPU
		{F2B3C7D2-4297-46CF-BBF9-DD9328512CC2}.Release|Any CPU.ActiveCfg = Release|Any CPU
		{F2B3C7D2-4297-46CF-BBF9-DD9328512CC2}.Release|Any CPU.Build.0 = Release|Any CPU
		{3AE1830C-2B33-404D-81CB-4E2F1B420D72}.Debug|Any CPU.ActiveCfg = Debug|Any CPU
		{3AE1830C-2B33-404D-81CB-4E2F1B420D72}.Debug|Any CPU.Build.0 = Debug|Any CPU
		{3AE1830C-2B33-404D-81CB-4E2F1B420D72}.Release|Any CPU.ActiveCfg = Release|Any CPU
		{3AE1830C-2B33-404D-81CB-4E2F1B420D72}.Release|Any CPU.Build.0 = Release|Any CPU
		{05B3C5A7-2645-4E14-B190-849AD003737F}.Debug|Any CPU.ActiveCfg = Debug|Any CPU
		{05B3C5A7-2645-4E14-B190-849AD003737F}.Debug|Any CPU.Build.0 = Debug|Any CPU
		{05B3C5A7-2645-4E14-B190-849AD003737F}.Release|Any CPU.ActiveCfg = Release|Any CPU
		{05B3C5A7-2645-4E14-B190-849AD003737F}.Release|Any CPU.Build.0 = Release|Any CPU
		{419A456A-2AD4-4F33-8A83-9A15034D9E92}.Debug|Any CPU.ActiveCfg = Debug|Any CPU
		{419A456A-2AD4-4F33-8A83-9A15034D9E92}.Debug|Any CPU.Build.0 = Debug|Any CPU
		{419A456A-2AD4-4F33-8A83-9A15034D9E92}.Release|Any CPU.ActiveCfg = Release|Any CPU
		{419A456A-2AD4-4F33-8A83-9A15034D9E92}.Release|Any CPU.Build.0 = Release|Any CPU
		{6E462033-A450-45D6-B021-54C85F9995B9}.Debug|Any CPU.ActiveCfg = Debug|Any CPU
		{6E462033-A450-45D6-B021-54C85F9995B9}.Debug|Any CPU.Build.0 = Debug|Any CPU
		{6E462033-A450-45D6-B021-54C85F9995B9}.Release|Any CPU.ActiveCfg = Release|Any CPU
		{6E462033-A450-45D6-B021-54C85F9995B9}.Release|Any CPU.Build.0 = Release|Any CPU
		{5991A833-CB65-4BFF-AEE9-B6B0237A4032}.Debug|Any CPU.ActiveCfg = Debug|Any CPU
		{5991A833-CB65-4BFF-AEE9-B6B0237A4032}.Debug|Any CPU.Build.0 = Debug|Any CPU
		{5991A833-CB65-4BFF-AEE9-B6B0237A4032}.Release|Any CPU.ActiveCfg = Release|Any CPU
		{5991A833-CB65-4BFF-AEE9-B6B0237A4032}.Release|Any CPU.Build.0 = Release|Any CPU
		{3D776B94-9F2B-42F8-9B4B-B79EAC46396D}.Debug|Any CPU.ActiveCfg = Debug|Any CPU
		{3D776B94-9F2B-42F8-9B4B-B79EAC46396D}.Debug|Any CPU.Build.0 = Debug|Any CPU
		{3D776B94-9F2B-42F8-9B4B-B79EAC46396D}.Release|Any CPU.ActiveCfg = Release|Any CPU
		{3D776B94-9F2B-42F8-9B4B-B79EAC46396D}.Release|Any CPU.Build.0 = Release|Any CPU
		{03C56F5A-B34F-44E7-A2AB-D92C1874707C}.Debug|Any CPU.ActiveCfg = Debug|Any CPU
		{03C56F5A-B34F-44E7-A2AB-D92C1874707C}.Debug|Any CPU.Build.0 = Debug|Any CPU
		{03C56F5A-B34F-44E7-A2AB-D92C1874707C}.Release|Any CPU.ActiveCfg = Release|Any CPU
		{03C56F5A-B34F-44E7-A2AB-D92C1874707C}.Release|Any CPU.Build.0 = Release|Any CPU
		{A32AADA6-6F51-45C2-984C-206472856AE9}.Debug|Any CPU.ActiveCfg = Debug|Any CPU
		{A32AADA6-6F51-45C2-984C-206472856AE9}.Debug|Any CPU.Build.0 = Debug|Any CPU
		{A32AADA6-6F51-45C2-984C-206472856AE9}.Release|Any CPU.ActiveCfg = Release|Any CPU
		{A32AADA6-6F51-45C2-984C-206472856AE9}.Release|Any CPU.Build.0 = Release|Any CPU
		{D8609178-1B4B-4E8E-B0E3-871CBB074E9C}.Debug|Any CPU.ActiveCfg = Debug|Any CPU
		{D8609178-1B4B-4E8E-B0E3-871CBB074E9C}.Debug|Any CPU.Build.0 = Debug|Any CPU
		{D8609178-1B4B-4E8E-B0E3-871CBB074E9C}.Release|Any CPU.ActiveCfg = Release|Any CPU
		{D8609178-1B4B-4E8E-B0E3-871CBB074E9C}.Release|Any CPU.Build.0 = Release|Any CPU
		{50B846F9-C341-41B4-98C8-A5E9D5C6CFDE}.Debug|Any CPU.ActiveCfg = Debug|Any CPU
		{50B846F9-C341-41B4-98C8-A5E9D5C6CFDE}.Debug|Any CPU.Build.0 = Debug|Any CPU
		{50B846F9-C341-41B4-98C8-A5E9D5C6CFDE}.Release|Any CPU.ActiveCfg = Release|Any CPU
		{50B846F9-C341-41B4-98C8-A5E9D5C6CFDE}.Release|Any CPU.Build.0 = Release|Any CPU
	EndGlobalSection
	GlobalSection(SolutionProperties) = preSolution
		HideSolutionNode = FALSE
	EndGlobalSection
	GlobalSection(ExtensibilityGlobals) = postSolution
		SolutionGuid = {D498BA8B-0AE8-454C-A92A-0DF8660ED692}
	EndGlobalSection
EndGlobal
